
Microsoft Visual Studio Solution File, Format Version 12.00
# Visual Studio Version 16
VisualStudioVersion = 16.0.36631.11
MinimumVisualStudioVersion = 10.0.40219.1
Project("{FAE04EC0-301F-11D3-BF4B-00C04F79EFBC}") = "myfirstproj", "myfirstproj\myfirstproj.csproj", "{F7454EF8-8C0E-4865-96DC-453CE286242E}"
EndProject
Global
	GlobalSection(SolutionConfigurationPlatforms) = preSolution
		Debug|Any CPU = Debug|Any CPU
		Release|Any CPU = Release|Any CPU
	EndGlobalSection
	GlobalSection(ProjectConfigurationPlatforms) = postSolution
		{F7454EF8-8C0E-4865-96DC-453CE286242E}.Debug|Any CPU.ActiveCfg = Debug|Any CPU
		{F7454EF8-8C0E-4865-96DC-453CE286242E}.Debug|Any CPU.Build.0 = Debug|Any CPU
		{F7454EF8-8C0E-4865-96DC-453CE286242E}.Release|Any CPU.ActiveCfg = Release|Any CPU
		{F7454EF8-8C0E-4865-96DC-453CE286242E}.Release|Any CPU.Build.0 = Release|Any CPU
	EndGlobalSection
	GlobalSection(SolutionProperties) = preSolution
		HideSolutionNode = FALSE
	EndGlobalSection
	GlobalSection(ExtensibilityGlobals) = postSolution
		SolutionGuid = {6D9F1AD1-8A31-457A-8E1A-DC8F9B5C9217}
	EndGlobalSection
EndGlobal
